// !$*UTF8*$!
{
	archiveVersion = 1;
	classes = {
	};
	objectVersion = 46;
	objects = {

/* Begin PBXBuildFile section */
		C007743F1EEFBBD200AF60ED /* main.m in Sources */ = {isa = PBXBuildFile; fileRef = C007743E1EEFBBD200AF60ED /* main.m */; };
		C00774421EEFBBD200AF60ED /* AppDelegate.m in Sources */ = {isa = PBXBuildFile; fileRef = C00774411EEFBBD200AF60ED /* AppDelegate.m */; };
		C00774451EEFBBD200AF60ED /* ViewController.m in Sources */ = {isa = PBXBuildFile; fileRef = C00774441EEFBBD200AF60ED /* ViewController.m */; };
		C00774481EEFBBD200AF60ED /* Main.storyboard in Resources */ = {isa = PBXBuildFile; fileRef = C00774461EEFBBD200AF60ED /* Main.storyboard */; };
		C007744A1EEFBBD200AF60ED /* Assets.xcassets in Resources */ = {isa = PBXBuildFile; fileRef = C00774491EEFBBD200AF60ED /* Assets.xcassets */; };
		C007744D1EEFBBD200AF60ED /* LaunchScreen.storyboard in Resources */ = {isa = PBXBuildFile; fileRef = C007744B1EEFBBD200AF60ED /* LaunchScreen.storyboard */; };
/* End PBXBuildFile section */

/* Begin PBXFileReference section */
		C007743A1EEFBBD200AF60ED /* LanuchXib.app */ = {isa = PBXFileReference; explicitFileType = wrapper.application; includeInIndex = 0; path = LanuchXib.app; sourceTree = BUILT_PRODUCTS_DIR; };
		C007743E1EEFBBD200AF60ED /* main.m */ = {isa = PBXFileReference; lastKnownFileType = sourcecode.c.objc; path = main.m; sourceTree = "<group>"; };
		C00774401EEFBBD200AF60ED /* AppDelegate.h */ = {isa = PBXFileReference; lastKnownFileType = sourcecode.c.h; path = AppDelegate.h; sourceTree = "<group>"; };
		C00774411EEFBBD200AF60ED /* AppDelegate.m */ = {isa = PBXFileReference; lastKnownFileType = sourcecode.c.objc; path = AppDelegate.m; sourceTree = "<group>"; };
		C00774431EEFBBD200AF60ED /* ViewController.h */ = {isa = PBXFileReference; lastKnownFileType = sourcecode.c.h; path = ViewController.h; sourceTree = "<group>"; };
		C00774441EEFBBD200AF60ED /* ViewController.m */ = {isa = PBXFileReference; lastKnownFileType = sourcecode.c.objc; path = ViewController.m; sourceTree = "<group>"; };
		C00774471EEFBBD200AF60ED /* Base */ = {isa = PBXFileReference; lastKnownFileType = file.storyboard; name = Base; path = Base.lproj/Main.storyboard; sourceTree = "<group>"; };
		C00774491EEFBBD200AF60ED /* Assets.xcassets */ = {isa = PBXFileReference; lastKnownFileType = folder.assetcatalog; path = Assets.xcassets; sourceTree = "<group>"; };
		C007744C1EEFBBD200AF60ED /* Base */ = {isa = PBXFileReference; lastKnownFileType = file.storyboard; name = Base; path = Base.lproj/LaunchScreen.storyboard; sourceTree = "<group>"; };
		C007744E1EEFBBD200AF60ED /* Info.plist */ = {isa = PBXFileReference; lastKnownFileType = text.plist.xml; path = Info.plist; sourceTree = "<group>"; };
/* End PBXFileReference section */

/* Begin PBXFrameworksBuildPhase section */
		C00774371EEFBBD200AF60ED /* Frameworks */ = {
			isa = PBXFrameworksBuildPhase;
			buildActionMask = 2147483647;
			files = (
			);
			runOnlyForDeploymentPostprocessing = 0;
		};
/* End PBXFrameworksBuildPhase section */

/* Begin PBXGroup section */
		C00774311EEFBBD200AF60ED = {
			isa = PBXGroup;
			children = (
				C007743C1EEFBBD200AF60ED /* LanuchXib */,
				C007743B1EEFBBD200AF60ED /* Products */,
			);
			sourceTree = "<group>";
		};
		C007743B1EEFBBD200AF60ED /* Products */ = {
			isa = PBXGroup;
			children = (
				C007743A1EEFBBD200AF60ED /* LanuchXib.app */,
			);
			name = Products;
			sourceTree = "<group>";
		};
		C007743C1EEFBBD200AF60ED /* LanuchXib */ = {
			isa = PBXGroup;
			children = (
				C00774401EEFBBD200AF60ED /* AppDelegate.h */,
				C00774411EEFBBD200AF60ED /* AppDelegate.m */,
				C00774431EEFBBD200AF60ED /* ViewController.h */,
				C00774441EEFBBD200AF60ED /* ViewController.m */,
				C00774461EEFBBD200AF60ED /* Main.storyboard */,
				C00774491EEFBBD200AF60ED /* Assets.xcassets */,
				C007744B1EEFBBD200AF60ED /* LaunchScreen.storyboard */,
				C007744E1EEFBBD200AF60ED /* Info.plist */,
				C007743D1EEFBBD200AF60ED /* Supporting Files */,
			);
			path = LanuchXib;
			sourceTree = "<group>";
		};
		C007743D1EEFBBD200AF60ED /* Supporting Files */ = {
			isa = PBXGroup;
			children = (
				C007743E1EEFBBD200AF60ED /* main.m */,
			);
			name = "Supporting Files";
			sourceTree = "<group>";
		};
/* End PBXGroup section */

/* Begin PBXNativeTarget section */
		C00774391EEFBBD200AF60ED /* LanuchXib */ = {
			isa = PBXNativeTarget;
			buildConfigurationList = C00774511EEFBBD200AF60ED /* Build configuration list for PBXNativeTarget "LanuchXib" */;
			buildPhases = (
				C00774361EEFBBD200AF60ED /* Sources */,
				C00774371EEFBBD200AF60ED /* Frameworks */,
				C00774381EEFBBD200AF60ED /* Resources */,
			);
			buildRules = (
			);
			dependencies = (
			);
			name = LanuchXib;
			productName = LanuchXib;
			productReference = C007743A1EEFBBD200AF60ED /* LanuchXib.app */;
			productType = "com.apple.product-type.application";
		};
/* End PBXNativeTarget section */

/* Begin PBXProject section */
		C00774321EEFBBD200AF60ED /* Project object */ = {
			isa = PBXProject;
			attributes = {
				LastUpgradeCheck = 0830;
				ORGANIZATIONNAME = xiaozuan;
				TargetAttributes = {
					C00774391EEFBBD200AF60ED = {
						CreatedOnToolsVersion = 8.3.2;
						DevelopmentTeam = XCYB9FLG8Z;
						ProvisioningStyle = Automatic;
					};
				};
			};
			buildConfigurationList = C00774351EEFBBD200AF60ED /* Build configuration list for PBXProject "LanuchXib" */;
			compatibilityVersion = "Xcode 3.2";
			developmentRegion = English;
			hasScannedForEncodings = 0;
			knownRegions = (
				en,
				Base,
			);
			mainGroup = C00774311EEFBBD200AF60ED;
			productRefGroup = C007743B1EEFBBD200AF60ED /* Products */;
			projectDirPath = "";
			projectRoot = "";
			targets = (
				C00774391EEFBBD200AF60ED /* LanuchXib */,
			);
		};
/* End PBXProject section */

/* Begin PBXResourcesBuildPhase section */
		C00774381EEFBBD200AF60ED /* Resources */ = {
			isa = PBXResourcesBuildPhase;
			buildActionMask = 2147483647;
			files = (
				C007744D1EEFBBD200AF60ED /* LaunchScreen.storyboard in Resources */,
				C007744A1EEFBBD200AF60ED /* Assets.xcassets in Resources */,
				C00774481EEFBBD200AF60ED /* Main.storyboard in Resources */,
			);
			runOnlyForDeploymentPostprocessing = 0;
		};
/* End PBXResourcesBuildPhase section */

/* Begin PBXSourcesBuildPhase section */
		C00774361EEFBBD200AF60ED /* Sources */ = {
			isa = PBXSourcesBuildPhase;
			buildActionMask = 2147483647;
			files = (
				C00774451EEFBBD200AF60ED /* ViewController.m in Sources */,
				C00774421EEFBBD200AF60ED /* AppDelegate.m in Sources */,
				C007743F1EEFBBD200AF60ED /* main.m in Sources */,
			);
			runOnlyForDeploymentPostprocessing = 0;
		};
/* End PBXSourcesBuildPhase section */

/* Begin PBXVariantGroup section */
		C00774461EEFBBD200AF60ED /* Main.storyboard */ = {
			isa = PBXVariantGroup;
			children = (
				C00774471EEFBBD200AF60ED /* Base */,
			);
			name = Main.storyboard;
			sourceTree = "<group>";
		};
		C007744B1EEFBBD200AF60ED /* LaunchScreen.storyboard */ = {
			isa = PBXVariantGroup;
			children = (
				C007744C1EEFBBD200AF60ED /* Base */,
			);
			name = LaunchScreen.storyboard;
			sourceTree = "<group>";
		};
/* End PBXVariantGroup section */

/* Begin XCBuildConfiguration section */
		C007744F1EEFBBD200AF60ED /* Debug */ = {
			isa = XCBuildConfiguration;
			buildSettings = {
				ALWAYS_SEARCH_USER_PATHS = NO;
				CLANG_ANALYZER_NONNULL = YES;
				CLANG_ANALYZER_NUMBER_OBJECT_CONVERSION = YES_AGGRESSIVE;
				CLANG_CXX_LANGUAGE_STANDARD = "gnu++0x";
				CLANG_CXX_LIBRARY = "libc++";
				CLANG_ENABLE_MODULES = YES;
				CLANG_ENABLE_OBJC_ARC = YES;
				CLANG_WARN_BOOL_CONVERSION = YES;
				CLANG_WARN_CONSTANT_CONVERSION = YES;
				CLANG_WARN_DIRECT_OBJC_ISA_USAGE = YES_ERROR;
				CLANG_WARN_DOCUMENTATION_COMMENTS = YES;
				CLANG_WARN_EMPTY_BODY = YES;
				CLANG_WARN_ENUM_CONVERSION = YES;
				CLANG_WARN_INFINITE_RECURSION = YES;
				CLANG_WARN_INT_CONVERSION = YES;
				CLANG_WARN_OBJC_ROOT_CLASS = YES_ERROR;
				CLANG_WARN_SUSPICIOUS_MOVE = YES;
				CLANG_WARN_UNREACHABLE_CODE = YES;
				CLANG_WARN__DUPLICATE_METHOD_MATCH = YES;
				"CODE_SIGN_IDENTITY[sdk=iphoneos*]" = "iPhone Developer";
				COPY_PHASE_STRIP = NO;
				DEBUG_INFORMATION_FORMAT = dwarf;
				ENABLE_STRICT_OBJC_MSGSEND = YES;
				ENABLE_TESTABILITY = YES;
				GCC_C_LANGUAGE_STANDARD = gnu99;
				GCC_DYNAMIC_NO_PIC = NO;
				GCC_NO_COMMON_BLOCKS = YES;
				GCC_OPTIMIZATION_LEVEL = 0;
				GCC_PREPROCESSOR_DEFINITIONS = (
					"DEBUG=1",
					"$(inherited)",
				);
				GCC_WARN_64_TO_32_BIT_CONVERSION = YES;
				GCC_WARN_ABOUT_RETURN_TYPE = YES_ERROR;
				GCC_WARN_UNDECLARED_SELECTOR = YES;
				GCC_WARN_UNINITIALIZED_AUTOS = YES_AGGRESSIVE;
				GCC_WARN_UNUSED_FUNCTION = YES;
				GCC_WARN_UNUSED_VARIABLE = YES;
				IPHONEOS_DEPLOYMENT_TARGET = 10.3;
				MTL_ENABLE_DEBUG_INFO = YES;
				ONLY_ACTIVE_ARCH = YES;
				SDKROOT = iphoneos;
			};
			name = Debug;
		};
		C00774501EEFBBD200AF60ED /* Release */ = {
			isa = XCBuildConfiguration;
			buildSettings = {
				ALWAYS_SEARCH_USER_PATHS = NO;
				CLANG_ANALYZER_NONNULL = YES;
				CLANG_ANALYZER_NUMBER_OBJECT_CONVERSION = YES_AGGRESSIVE;
				CLANG_CXX_LANGUAGE_STANDARD = "gnu++0x";
				CLANG_CXX_LIBRARY = "libc++";
				CLANG_ENABLE_MODULES = YES;
				CLANG_ENABLE_OBJC_ARC = YES;
				CLANG_WARN_BOOL_CONVERSION = YES;
				CLANG_WARN_CONSTANT_CONVERSION = YES;
				CLANG_WARN_DIRECT_OBJC_ISA_USAGE = YES_ERROR;
				CLANG_WARN_DOCUMENTATION_COMMENTS = YES;
				CLANG_WARN_EMPTY_BODY = YES;
				CLANG_WARN_ENUM_CONVERSION = YES;
				CLANG_WARN_INFINITE_RECURSION = YES;
				CLANG_WARN_INT_CONVERSION = YES;
				CLANG_WARN_OBJC_ROOT_CLASS = YES_ERROR;
				CLANG_WARN_SUSPICIOUS_MOVE = YES;
				CLANG_WARN_UNREACHABLE_CODE = YES;
				CLANG_WARN__DUPLICATE_METHOD_MATCH = YES;
				"CODE_SIGN_IDENTITY[sdk=iphoneos*]" = "iPhone Developer";
				COPY_PHASE_STRIP = NO;
				DEBUG_INFORMATION_FORMAT = "dwarf-with-dsym";
				ENABLE_NS_ASSERTIONS = NO;
				ENABLE_STRICT_OBJC_MSGSEND = YES;
				GCC_C_LANGUAGE_STANDARD = gnu99;
				GCC_NO_COMMON_BLOCKS = YES;
				GCC_WARN_64_TO_32_BIT_CONVERSION = YES;
				GCC_WARN_ABOUT_RETURN_TYPE = YES_ERROR;
				GCC_WARN_UNDECLARED_SELECTOR = YES;
				GCC_WARN_UNINITIALIZED_AUTOS = YES_AGGRESSIVE;
				GCC_WARN_UNUSED_FUNCTION = YES;
				GCC_WARN_UNUSED_VARIABLE = YES;
				IPHONEOS_DEPLOYMENT_TARGET = 10.3;
				MTL_ENABLE_DEBUG_INFO = NO;
				SDKROOT = iphoneos;
				VALIDATE_PRODUCT = YES;
			};
			name = Release;
		};
		C00774521EEFBBD200AF60ED /* Debug */ = {
			isa = XCBuildConfiguration;
			buildSettings = {
				ASSETCATALOG_COMPILER_APPICON_NAME = AppIcon;
				DEVELOPMENT_TEAM = XCYB9FLG8Z;
				INFOPLIST_FILE = LanuchXib/Info.plist;
				LD_RUNPATH_SEARCH_PATHS = "$(inherited) @executable_path/Frameworks";
				PRODUCT_BUNDLE_IDENTIFIER = com.xiaozhuan.LanuchXib;
				PRODUCT_NAME = "$(TARGET_NAME)";
			};
			name = Debug;
		};
		C00774531EEFBBD200AF60ED /* Release */ = {
			isa = XCBuildConfiguration;
			buildSettings = {
				ASSETCATALOG_COMPILER_APPICON_NAME = AppIcon;
				DEVELOPMENT_TEAM = XCYB9FLG8Z;
				INFOPLIST_FILE = LanuchXib/Info.plist;
				LD_RUNPATH_SEARCH_PATHS = "$(inherited) @executable_path/Frameworks";
				PRODUCT_BUNDLE_IDENTIFIER = com.xiaozhuan.LanuchXib;
				PRODUCT_NAME = "$(TARGET_NAME)";
			};
			name = Release;
		};
/* End XCBuildConfiguration section */

/* Begin XCConfigurationList section */
		C00774351EEFBBD200AF60ED /* Build configuration list for PBXProject "LanuchXib" */ = {
			isa = XCConfigurationList;
			buildConfigurations = (
				C007744F1EEFBBD200AF60ED /* Debug */,
				C00774501EEFBBD200AF60ED /* Release */,
			);
			defaultConfigurationIsVisible = 0;
			defaultConfigurationName = Release;
		};
		C00774511EEFBBD200AF60ED /* Build configuration list for PBXNativeTarget "LanuchXib" */ = {
			isa = XCConfigurationList;
			buildConfigurations = (
				C00774521EEFBBD200AF60ED /* Debug */,
				C00774531EEFBBD200AF60ED /* Release */,
			);
			defaultConfigurationIsVisible = 0;
		};
/* End XCConfigurationList section */
	};
	rootObject = C00774321EEFBBD200AF60ED /* Project object */;
}
